
Microsoft Visual Studio Solution File, Format Version 12.00
# Visual Studio Version 17
VisualStudioVersion = 17.14.36414.22
MinimumVisualStudioVersion = 10.0.40219.1
Project("{FAE04EC0-301F-11D3-BF4B-00C04F79EFBC}") = "HotelBooking.API", "src\HotelBooking.API\HotelBooking.API.csproj", "{54024C88-10E2-4647-9D73-CB6964835FA4}"
EndProject
Project("{2150E333-8FDC-42A3-9474-1A3956D46DE8}") = "src", "src", "{02EA681E-C7D8-13C7-8484-4AC65E1B71E8}"
EndProject
Project("{FAE04EC0-301F-11D3-BF4B-00C04F79EFBC}") = "HotelBooking.Domain", "src\HotelBooking.Domain\HotelBooking.Domain.csproj", "{6777D392-8820-4C66-9D33-569A163B9F70}"
EndProject
Project("{FAE04EC0-301F-11D3-BF4B-00C04F79EFBC}") = "HotelBooking.Application", "src\HotelBooking.Application\HotelBooking.Application.csproj", "{A71BE534-67B9-42CF-989C-7B172AB7DC87}"
EndProject
Project("{FAE04EC0-301F-11D3-BF4B-00C04F79EFBC}") = "HotelBooking.Infrastructure", "src\HotelBooking.Infrastructure\HotelBooking.Infrastructure.csproj", "{2546DCAE-F916-4AE1-B272-E4A05633378E}"
EndProject
Global
	GlobalSection(SolutionConfigurationPlatforms) = preSolution
		Debug|Any CPU = Debug|Any CPU
		Release|Any CPU = Release|Any CPU
	EndGlobalSection
	GlobalSection(ProjectConfigurationPlatforms) = postSolution
		{54024C88-10E2-4647-9D73-CB6964835FA4}.Debug|Any CPU.ActiveCfg = Debug|Any CPU
		{54024C88-10E2-4647-9D73-CB6964835FA4}.Debug|Any CPU.Build.0 = Debug|Any CPU
		{54024C88-10E2-4647-9D73-CB6964835FA4}.Release|Any CPU.ActiveCfg = Release|Any CPU
		{54024C88-10E2-4647-9D73-CB6964835FA4}.Release|Any CPU.Build.0 = Release|Any CPU
		{6777D392-8820-4C66-9D33-569A163B9F70}.Debug|Any CPU.ActiveCfg = Debug|Any CPU
		{6777D392-8820-4C66-9D33-569A163B9F70}.Debug|Any CPU.Build.0 = Debug|Any CPU
		{6777D392-8820-4C66-9D33-569A163B9F70}.Release|Any CPU.ActiveCfg = Release|Any CPU
		{6777D392-8820-4C66-9D33-569A163B9F70}.Release|Any CPU.Build.0 = Release|Any CPU
		{A71BE534-67B9-42CF-989C-7B172AB7DC87}.Debug|Any CPU.ActiveCfg = Debug|Any CPU
		{A71BE534-67B9-42CF-989C-7B172AB7DC87}.Debug|Any CPU.Build.0 = Debug|Any CPU
		{A71BE534-67B9-42CF-989C-7B172AB7DC87}.Release|Any CPU.ActiveCfg = Release|Any CPU
		{A71BE534-67B9-42CF-989C-7B172AB7DC87}.Release|Any CPU.Build.0 = Release|Any CPU
		{2546DCAE-F916-4AE1-B272-E4A05633378E}.Debug|Any CPU.ActiveCfg = Debug|Any CPU
		{2546DCAE-F916-4AE1-B272-E4A05633378E}.Debug|Any CPU.Build.0 = Debug|Any CPU
		{2546DCAE-F916-4AE1-B272-E4A05633378E}.Release|Any CPU.ActiveCfg = Release|Any CPU
		{2546DCAE-F916-4AE1-B272-E4A05633378E}.Release|Any CPU.Build.0 = Release|Any CPU
	EndGlobalSection
	GlobalSection(SolutionProperties) = preSolution
		HideSolutionNode = FALSE
	EndGlobalSection
	GlobalSection(NestedProjects) = preSolution
		{54024C88-10E2-4647-9D73-CB6964835FA4} = {02EA681E-C7D8-13C7-8484-4AC65E1B71E8}
		{6777D392-8820-4C66-9D33-569A163B9F70} = {02EA681E-C7D8-13C7-8484-4AC65E1B71E8}
		{A71BE534-67B9-42CF-989C-7B172AB7DC87} = {02EA681E-C7D8-13C7-8484-4AC65E1B71E8}
		{2546DCAE-F916-4AE1-B272-E4A05633378E} = {02EA681E-C7D8-13C7-8484-4AC65E1B71E8}
	EndGlobalSection
	GlobalSection(ExtensibilityGlobals) = postSolution
		SolutionGuid = {10BF3E5E-0EE1-40F7-9128-E8784B5FBDB6}
	EndGlobalSection
EndGlobal
